
Microsoft Visual Studio Solution File, Format Version 12.00
# Visual Studio Version 17
VisualStudioVersion = 17.11.35303.130
MinimumVisualStudioVersion = 10.0.40219.1
Project("{9A19103F-16F7-4668-BE54-9A1E7A4F7556}") = "EQDashboard", "EQDashboard\EQDashboard.csproj", "{B5F739BD-4B49-4C84-8EF1-D3F9D59C5401}"
EndProject
Global
	GlobalSection(SolutionConfigurationPlatforms) = preSolution
		Debug|Any CPU = Debug|Any CPU
		Release|Any CPU = Release|Any CPU
	EndGlobalSection
	GlobalSection(ProjectConfigurationPlatforms) = postSolution
		{B5F739BD-4B49-4C84-8EF1-D3F9D59C5401}.Debug|Any CPU.ActiveCfg = Debug|Any CPU
		{B5F739BD-4B49-4C84-8EF1-D3F9D59C5401}.Debug|Any CPU.Build.0 = Debug|Any CPU
		{B5F739BD-4B49-4C84-8EF1-D3F9D59C5401}.Release|Any CPU.ActiveCfg = Release|Any CPU
		{B5F739BD-4B49-4C84-8EF1-D3F9D59C5401}.Release|Any CPU.Build.0 = Release|Any CPU
	EndGlobalSection
	GlobalSection(SolutionProperties) = preSolution
		HideSolutionNode = FALSE
	EndGlobalSection
	GlobalSection(ExtensibilityGlobals) = postSolution
		SolutionGuid = {C82A03BB-2EB6-4B6E-B171-89D34F3CBB16}
	EndGlobalSection
EndGlobal
